
Microsoft Visual Studio Solution File, Format Version 12.00
# Visual Studio Version 17
VisualStudioVersion = 17.10.35004.147
MinimumVisualStudioVersion = 10.0.40219.1
Project("{FAE04EC0-301F-11D3-BF4B-00C04F79EFBC}") = "myKeylogger", "myKeylogger\myKeylogger.csproj", "{11B5E750-31EF-4ED5-A13B-2FD39F8D2145}"
EndProject
Global
	GlobalSection(SolutionConfigurationPlatforms) = preSolution
		Debug|Any CPU = Debug|Any CPU
		Release|Any CPU = Release|Any CPU
	EndGlobalSection
	GlobalSection(ProjectConfigurationPlatforms) = postSolution
		{11B5E750-31EF-4ED5-A13B-2FD39F8D2145}.Debug|Any CPU.ActiveCfg = Debug|Any CPU
		{11B5E750-31EF-4ED5-A13B-2FD39F8D2145}.Debug|Any CPU.Build.0 = Debug|Any CPU
		{11B5E750-31EF-4ED5-A13B-2FD39F8D2145}.Release|Any CPU.ActiveCfg = Release|Any CPU
		{11B5E750-31EF-4ED5-A13B-2FD39F8D2145}.Release|Any CPU.Build.0 = Release|Any CPU
	EndGlobalSection
	GlobalSection(SolutionProperties) = preSolution
		HideSolutionNode = FALSE
	EndGlobalSection
	GlobalSection(ExtensibilityGlobals) = postSolution
		SolutionGuid = {9E272C90-82F3-475A-B98E-1BB73AFEDE8D}
	EndGlobalSection
EndGlobal
